// !$*UTF8*$!
{
	archiveVersion = 1;
	classes = {
	};
	objectVersion = 46;
	objects = {

/* Begin PBXBuildFile section */
		10F974DA9F58DB225487B16D /* libPods-greylock.a in Frameworks */ = {isa = PBXBuildFile; fileRef = 07BA3F0F37D0418196C6C7AF /* libPods-greylock.a */; };
		6B8496B31D316C46005B52D0 /* main.m in Sources */ = {isa = PBXBuildFile; fileRef = 6B8496B21D316C46005B52D0 /* main.m */; };
		6B8496B61D316C46005B52D0 /* AppDelegate.m in Sources */ = {isa = PBXBuildFile; fileRef = 6B8496B51D316C46005B52D0 /* AppDelegate.m */; };
		6B8496B91D316C46005B52D0 /* ViewController.m in Sources */ = {isa = PBXBuildFile; fileRef = 6B8496B81D316C46005B52D0 /* ViewController.m */; };
		6B8496C11D316C47005B52D0 /* LaunchScreen.storyboard in Resources */ = {isa = PBXBuildFile; fileRef = 6B8496BF1D316C47005B52D0 /* LaunchScreen.storyboard */; };
		6B8496CA1D3176B9005B52D0 /* WebPlayerViewController.m in Sources */ = {isa = PBXBuildFile; fileRef = 6B8496C91D3176B9005B52D0 /* WebPlayerViewController.m */; };
		6B8496CD1D31772A005B52D0 /* IntermediateViewController.m in Sources */ = {isa = PBXBuildFile; fileRef = 6B8496CC1D31772A005B52D0 /* IntermediateViewController.m */; };
		6B8496CF1D31C96E005B52D0 /* Images.xcassets in Resources */ = {isa = PBXBuildFile; fileRef = 6B8496CE1D31C96E005B52D0 /* Images.xcassets */; };
		6BA562F21D323CB40075ED0F /* YoutubeViewController.m in Sources */ = {isa = PBXBuildFile; fileRef = 6BA562F11D323CB40075ED0F /* YoutubeViewController.m */; };
/* End PBXBuildFile section */

/* Begin PBXFileReference section */
		07BA3F0F37D0418196C6C7AF /* libPods-greylock.a */ = {isa = PBXFileReference; explicitFileType = archive.ar; includeInIndex = 0; path = "libPods-greylock.a"; sourceTree = BUILT_PRODUCTS_DIR; };
		5A32AB2D6EECE4D954AAF730 /* Pods-greylock.release.xcconfig */ = {isa = PBXFileReference; includeInIndex = 1; lastKnownFileType = text.xcconfig; name = "Pods-greylock.release.xcconfig"; path = "Pods/Target Support Files/Pods-greylock/Pods-greylock.release.xcconfig"; sourceTree = "<group>"; };
		6B8496AE1D316C46005B52D0 /* greylock.app */ = {isa = PBXFileReference; explicitFileType = wrapper.application; includeInIndex = 0; path = greylock.app; sourceTree = BUILT_PRODUCTS_DIR; };
		6B8496B21D316C46005B52D0 /* main.m */ = {isa = PBXFileReference; lastKnownFileType = sourcecode.c.objc; path = main.m; sourceTree = "<group>"; };
		6B8496B41D316C46005B52D0 /* AppDelegate.h */ = {isa = PBXFileReference; lastKnownFileType = sourcecode.c.h; path = AppDelegate.h; sourceTree = "<group>"; };
		6B8496B51D316C46005B52D0 /* AppDelegate.m */ = {isa = PBXFileReference; lastKnownFileType = sourcecode.c.objc; path = AppDelegate.m; sourceTree = "<group>"; };
		6B8496B71D316C46005B52D0 /* ViewController.h */ = {isa = PBXFileReference; lastKnownFileType = sourcecode.c.h; path = ViewController.h; sourceTree = "<group>"; };
		6B8496B81D316C46005B52D0 /* ViewController.m */ = {isa = PBXFileReference; lastKnownFileType = sourcecode.c.objc; path = ViewController.m; sourceTree = "<group>"; };
		6B8496C01D316C47005B52D0 /* Base */ = {isa = PBXFileReference; lastKnownFileType = file.storyboard; name = Base; path = Base.lproj/LaunchScreen.storyboard; sourceTree = "<group>"; };
		6B8496C21D316C47005B52D0 /* Info.plist */ = {isa = PBXFileReference; lastKnownFileType = text.plist.xml; path = Info.plist; sourceTree = "<group>"; };
		6B8496C81D3176B9005B52D0 /* WebPlayerViewController.h */ = {isa = PBXFileReference; fileEncoding = 4; lastKnownFileType = sourcecode.c.h; path = WebPlayerViewController.h; sourceTree = "<group>"; };
		6B8496C91D3176B9005B52D0 /* WebPlayerViewController.m */ = {isa = PBXFileReference; fileEncoding = 4; lastKnownFileType = sourcecode.c.objc; path = WebPlayerViewController.m; sourceTree = "<group>"; };
		6B8496CB1D31772A005B52D0 /* IntermediateViewController.h */ = {isa = PBXFileReference; fileEncoding = 4; lastKnownFileType = sourcecode.c.h; path = IntermediateViewController.h; sourceTree = "<group>"; };
		6B8496CC1D31772A005B52D0 /* IntermediateViewController.m */ = {isa = PBXFileReference; fileEncoding = 4; lastKnownFileType = sourcecode.c.objc; path = IntermediateViewController.m; sourceTree = "<group>"; };
		6B8496CE1D31C96E005B52D0 /* Images.xcassets */ = {isa = PBXFileReference; lastKnownFileType = folder.assetcatalog; path = Images.xcassets; sourceTree = "<group>"; };
		6BA562F01D323CB40075ED0F /* YoutubeViewController.h */ = {isa = PBXFileReference; fileEncoding = 4; lastKnownFileType = sourcecode.c.h; path = YoutubeViewController.h; sourceTree = "<group>"; };
		6BA562F11D323CB40075ED0F /* YoutubeViewController.m */ = {isa = PBXFileReference; fileEncoding = 4; lastKnownFileType = sourcecode.c.objc; path = YoutubeViewController.m; sourceTree = "<group>"; };
		C7AFAE533C117F6E6A622668 /* Pods-greylock.debug.xcconfig */ = {isa = PBXFileReference; includeInIndex = 1; lastKnownFileType = text.xcconfig; name = "Pods-greylock.debug.xcconfig"; path = "Pods/Target Support Files/Pods-greylock/Pods-greylock.debug.xcconfig"; sourceTree = "<group>"; };
/* End PBXFileReference section */

/* Begin PBXFrameworksBuildPhase section */
		6B8496AB1D316C46005B52D0 /* Frameworks */ = {
			isa = PBXFrameworksBuildPhase;
			buildActionMask = 2147483647;
			files = (
				10F974DA9F58DB225487B16D /* libPods-greylock.a in Frameworks */,
			);
			runOnlyForDeploymentPostprocessing = 0;
		};
/* End PBXFrameworksBuildPhase section */

/* Begin PBXGroup section */
		4EB761D5FF7F85EB5071CC29 /* Pods */ = {
			isa = PBXGroup;
			children = (
				C7AFAE533C117F6E6A622668 /* Pods-greylock.debug.xcconfig */,
				5A32AB2D6EECE4D954AAF730 /* Pods-greylock.release.xcconfig */,
			);
			name = Pods;
			sourceTree = "<group>";
		};
		6B8496A51D316C46005B52D0 = {
			isa = PBXGroup;
			children = (
				6B8496B01D316C46005B52D0 /* greylock */,
				6B8496AF1D316C46005B52D0 /* Products */,
				4EB761D5FF7F85EB5071CC29 /* Pods */,
				79C4D04070473AAC676BDE48 /* Frameworks */,
			);
			sourceTree = "<group>";
		};
		6B8496AF1D316C46005B52D0 /* Products */ = {
			isa = PBXGroup;
			children = (
				6B8496AE1D316C46005B52D0 /* greylock.app */,
			);
			name = Products;
			sourceTree = "<group>";
		};
		6B8496B01D316C46005B52D0 /* greylock */ = {
			isa = PBXGroup;
			children = (
				6B8496B41D316C46005B52D0 /* AppDelegate.h */,
				6B8496B51D316C46005B52D0 /* AppDelegate.m */,
				6B8496B71D316C46005B52D0 /* ViewController.h */,
				6B8496B81D316C46005B52D0 /* ViewController.m */,
				6B8496CB1D31772A005B52D0 /* IntermediateViewController.h */,
				6B8496CC1D31772A005B52D0 /* IntermediateViewController.m */,
				6B8496C81D3176B9005B52D0 /* WebPlayerViewController.h */,
				6B8496C91D3176B9005B52D0 /* WebPlayerViewController.m */,
				6BA562F01D323CB40075ED0F /* YoutubeViewController.h */,
				6BA562F11D323CB40075ED0F /* YoutubeViewController.m */,
				6B8496BF1D316C47005B52D0 /* LaunchScreen.storyboard */,
				6B8496C21D316C47005B52D0 /* Info.plist */,
				6B8496CE1D31C96E005B52D0 /* Images.xcassets */,
				6B8496B11D316C46005B52D0 /* Supporting Files */,
			);
			path = greylock;
			sourceTree = "<group>";
		};
		6B8496B11D316C46005B52D0 /* Supporting Files */ = {
			isa = PBXGroup;
			children = (
				6B8496B21D316C46005B52D0 /* main.m */,
			);
			name = "Supporting Files";
			sourceTree = "<group>";
		};
		79C4D04070473AAC676BDE48 /* Frameworks */ = {
			isa = PBXGroup;
			children = (
				07BA3F0F37D0418196C6C7AF /* libPods-greylock.a */,
			);
			name = Frameworks;
			sourceTree = "<group>";
		};
/* End PBXGroup section */

/* Begin PBXNativeTarget section */
		6B8496AD1D316C46005B52D0 /* greylock */ = {
			isa = PBXNativeTarget;
			buildConfigurationList = 6B8496C51D316C47005B52D0 /* Build configuration list for PBXNativeTarget "greylock" */;
			buildPhases = (
				0472DF5BAAF4A2DF7AC53E79 /* Check Pods Manifest.lock */,
				6B8496AA1D316C46005B52D0 /* Sources */,
				6B8496AB1D316C46005B52D0 /* Frameworks */,
				6B8496AC1D316C46005B52D0 /* Resources */,
				EF5AA482B63C0F6EE5AF4E9F /* Embed Pods Frameworks */,
				6FFF1D3AE1A69CE80B3AC33F /* Copy Pods Resources */,
			);
			buildRules = (
			);
			dependencies = (
			);
			name = greylock;
			productName = greylock;
			productReference = 6B8496AE1D316C46005B52D0 /* greylock.app */;
			productType = "com.apple.product-type.application";
		};
/* End PBXNativeTarget section */

/* Begin PBXProject section */
		6B8496A61D316C46005B52D0 /* Project object */ = {
			isa = PBXProject;
			attributes = {
				LastUpgradeCheck = 0730;
				ORGANIZATIONNAME = "Krishna Bharathala";
				TargetAttributes = {
					6B8496AD1D316C46005B52D0 = {
						CreatedOnToolsVersion = 7.3.1;
						DevelopmentTeam = 55KFDSK3L9;
					};
				};
			};
			buildConfigurationList = 6B8496A91D316C46005B52D0 /* Build configuration list for PBXProject "greylock" */;
			compatibilityVersion = "Xcode 3.2";
			developmentRegion = English;
			hasScannedForEncodings = 0;
			knownRegions = (
				en,
				Base,
			);
			mainGroup = 6B8496A51D316C46005B52D0;
			productRefGroup = 6B8496AF1D316C46005B52D0 /* Products */;
			projectDirPath = "";
			projectRoot = "";
			targets = (
				6B8496AD1D316C46005B52D0 /* greylock */,
			);
		};
/* End PBXProject section */

/* Begin PBXResourcesBuildPhase section */
		6B8496AC1D316C46005B52D0 /* Resources */ = {
			isa = PBXResourcesBuildPhase;
			buildActionMask = 2147483647;
			files = (
				6B8496C11D316C47005B52D0 /* LaunchScreen.storyboard in Resources */,
				6B8496CF1D31C96E005B52D0 /* Images.xcassets in Resources */,
			);
			runOnlyForDeploymentPostprocessing = 0;
		};
/* End PBXResourcesBuildPhase section */

/* Begin PBXShellScriptBuildPhase section */
		0472DF5BAAF4A2DF7AC53E79 /* Check Pods Manifest.lock */ = {
			isa = PBXShellScriptBuildPhase;
			buildActionMask = 2147483647;
			files = (
			);
			inputPaths = (
			);
			name = "Check Pods Manifest.lock";
			outputPaths = (
			);
			runOnlyForDeploymentPostprocessing = 0;
			shellPath = /bin/sh;
			shellScript = "diff \"${PODS_ROOT}/../Podfile.lock\" \"${PODS_ROOT}/Manifest.lock\" > /dev/null\nif [[ $? != 0 ]] ; then\n    cat << EOM\nerror: The sandbox is not in sync with the Podfile.lock. Run 'pod install' or update your CocoaPods installation.\nEOM\n    exit 1\nfi\n";
			showEnvVarsInLog = 0;
		};
		6FFF1D3AE1A69CE80B3AC33F /* Copy Pods Resources */ = {
			isa = PBXShellScriptBuildPhase;
			buildActionMask = 2147483647;
			files = (
			);
			inputPaths = (
			);
			name = "Copy Pods Resources";
			outputPaths = (
			);
			runOnlyForDeploymentPostprocessing = 0;
			shellPath = /bin/sh;
			shellScript = "\"${SRCROOT}/Pods/Target Support Files/Pods-greylock/Pods-greylock-resources.sh\"\n";
			showEnvVarsInLog = 0;
		};
		EF5AA482B63C0F6EE5AF4E9F /* Embed Pods Frameworks */ = {
			isa = PBXShellScriptBuildPhase;
			buildActionMask = 2147483647;
			files = (
			);
			inputPaths = (
			);
			name = "Embed Pods Frameworks";
			outputPaths = (
			);
			runOnlyForDeploymentPostprocessing = 0;
			shellPath = /bin/sh;
			shellScript = "\"${SRCROOT}/Pods/Target Support Files/Pods-greylock/Pods-greylock-frameworks.sh\"\n";
			showEnvVarsInLog = 0;
		};
/* End PBXShellScriptBuildPhase section */

/* Begin PBXSourcesBuildPhase section */
		6B8496AA1D316C46005B52D0 /* Sources */ = {
			isa = PBXSourcesBuildPhase;
			buildActionMask = 2147483647;
			files = (
				6B8496B91D316C46005B52D0 /* ViewController.m in Sources */,
				6B8496B61D316C46005B52D0 /* AppDelegate.m in Sources */,
				6B8496CA1D3176B9005B52D0 /* WebPlayerViewController.m in Sources */,
				6B8496B31D316C46005B52D0 /* main.m in Sources */,
				6BA562F21D323CB40075ED0F /* YoutubeViewController.m in Sources */,
				6B8496CD1D31772A005B52D0 /* IntermediateViewController.m in Sources */,
			);
			runOnlyForDeploymentPostprocessing = 0;
		};
/* End PBXSourcesBuildPhase section */

/* Begin PBXVariantGroup section */
		6B8496BF1D316C47005B52D0 /* LaunchScreen.storyboard */ = {
			isa = PBXVariantGroup;
			children = (
				6B8496C01D316C47005B52D0 /* Base */,
			);
			name = LaunchScreen.storyboard;
			sourceTree = "<group>";
		};
/* End PBXVariantGroup section */

/* Begin XCBuildConfiguration section */
		6B8496C31D316C47005B52D0 /* Debug */ = {
			isa = XCBuildConfiguration;
			buildSettings = {
				ALWAYS_SEARCH_USER_PATHS = NO;
				CLANG_ANALYZER_NONNULL = YES;
				CLANG_CXX_LANGUAGE_STANDARD = "gnu++0x";
				CLANG_CXX_LIBRARY = "libc++";
				CLANG_ENABLE_MODULES = YES;
				CLANG_ENABLE_OBJC_ARC = YES;
				CLANG_WARN_BOOL_CONVERSION = YES;
				CLANG_WARN_CONSTANT_CONVERSION = YES;
				CLANG_WARN_DIRECT_OBJC_ISA_USAGE = YES_ERROR;
				CLANG_WARN_EMPTY_BODY = YES;
				CLANG_WARN_ENUM_CONVERSION = YES;
				CLANG_WARN_INT_CONVERSION = YES;
				CLANG_WARN_OBJC_ROOT_CLASS = YES_ERROR;
				CLANG_WARN_UNREACHABLE_CODE = YES;
				CLANG_WARN__DUPLICATE_METHOD_MATCH = YES;
				"CODE_SIGN_IDENTITY[sdk=iphoneos*]" = "iPhone Developer";
				COPY_PHASE_STRIP = NO;
				DEBUG_INFORMATION_FORMAT = dwarf;
				ENABLE_STRICT_OBJC_MSGSEND = YES;
				ENABLE_TESTABILITY = YES;
				GCC_C_LANGUAGE_STANDARD = gnu99;
				GCC_DYNAMIC_NO_PIC = NO;
				GCC_NO_COMMON_BLOCKS = YES;
				GCC_OPTIMIZATION_LEVEL = 0;
				GCC_PREPROCESSOR_DEFINITIONS = (
					"DEBUG=1",
					"$(inherited)",
				);
				GCC_WARN_64_TO_32_BIT_CONVERSION = YES;
				GCC_WARN_ABOUT_RETURN_TYPE = YES_ERROR;
				GCC_WARN_UNDECLARED_SELECTOR = YES;
				GCC_WARN_UNINITIALIZED_AUTOS = YES_AGGRESSIVE;
				GCC_WARN_UNUSED_FUNCTION = YES;
				GCC_WARN_UNUSED_VARIABLE = YES;
				IPHONEOS_DEPLOYMENT_TARGET = 9.3;
				MTL_ENABLE_DEBUG_INFO = YES;
				ONLY_ACTIVE_ARCH = YES;
				SDKROOT = iphoneos;
			};
			name = Debug;
		};
		6B8496C41D316C47005B52D0 /* Release */ = {
			isa = XCBuildConfiguration;
			buildSettings = {
				ALWAYS_SEARCH_USER_PATHS = NO;
				CLANG_ANALYZER_NONNULL = YES;
				CLANG_CXX_LANGUAGE_STANDARD = "gnu++0x";
				CLANG_CXX_LIBRARY = "libc++";
				CLANG_ENABLE_MODULES = YES;
				CLANG_ENABLE_OBJC_ARC = YES;
				CLANG_WARN_BOOL_CONVERSION = YES;
				CLANG_WARN_CONSTANT_CONVERSION = YES;
				CLANG_WARN_DIRECT_OBJC_ISA_USAGE = YES_ERROR;
				CLANG_WARN_EMPTY_BODY = YES;
				CLANG_WARN_ENUM_CONVERSION = YES;
				CLANG_WARN_INT_CONVERSION = YES;
				CLANG_WARN_OBJC_ROOT_CLASS = YES_ERROR;
				CLANG_WARN_UNREACHABLE_CODE = YES;
				CLANG_WARN__DUPLICATE_METHOD_MATCH = YES;
				"CODE_SIGN_IDENTITY[sdk=iphoneos*]" = "iPhone Developer";
				COPY_PHASE_STRIP = NO;
				DEBUG_INFORMATION_FORMAT = "dwarf-with-dsym";
				ENABLE_NS_ASSERTIONS = NO;
				ENABLE_STRICT_OBJC_MSGSEND = YES;
				GCC_C_LANGUAGE_STANDARD = gnu99;
				GCC_NO_COMMON_BLOCKS = YES;
				GCC_WARN_64_TO_32_BIT_CONVERSION = YES;
				GCC_WARN_ABOUT_RETURN_TYPE = YES_ERROR;
				GCC_WARN_UNDECLARED_SELECTOR = YES;
				GCC_WARN_UNINITIALIZED_AUTOS = YES_AGGRESSIVE;
				GCC_WARN_UNUSED_FUNCTION = YES;
				GCC_WARN_UNUSED_VARIABLE = YES;
				IPHONEOS_DEPLOYMENT_TARGET = 9.3;
				MTL_ENABLE_DEBUG_INFO = NO;
				SDKROOT = iphoneos;
				VALIDATE_PRODUCT = YES;
			};
			name = Release;
		};
		6B8496C61D316C47005B52D0 /* Debug */ = {
			isa = XCBuildConfiguration;
			baseConfigurationReference = C7AFAE533C117F6E6A622668 /* Pods-greylock.debug.xcconfig */;
			buildSettings = {
				ASSETCATALOG_COMPILER_APPICON_NAME = AppIcon;
				CODE_SIGN_IDENTITY = "iPhone Developer";
				INFOPLIST_FILE = greylock/Info.plist;
				LD_RUNPATH_SEARCH_PATHS = "$(inherited) @executable_path/Frameworks";
				PRODUCT_BUNDLE_IDENTIFIER = com.kbhara.greylock;
				PRODUCT_NAME = "$(TARGET_NAME)";
			};
			name = Debug;
		};
		6B8496C71D316C47005B52D0 /* Release */ = {
			isa = XCBuildConfiguration;
			baseConfigurationReference = 5A32AB2D6EECE4D954AAF730 /* Pods-greylock.release.xcconfig */;
			buildSettings = {
				ASSETCATALOG_COMPILER_APPICON_NAME = AppIcon;
				CODE_SIGN_IDENTITY = "iPhone Developer";
				INFOPLIST_FILE = greylock/Info.plist;
				LD_RUNPATH_SEARCH_PATHS = "$(inherited) @executable_path/Frameworks";
				PRODUCT_BUNDLE_IDENTIFIER = com.kbhara.greylock;
				PRODUCT_NAME = "$(TARGET_NAME)";
			};
			name = Release;
		};
/* End XCBuildConfiguration section */

/* Begin XCConfigurationList section */
		6B8496A91D316C46005B52D0 /* Build configuration list for PBXProject "greylock" */ = {
			isa = XCConfigurationList;
			buildConfigurations = (
				6B8496C31D316C47005B52D0 /* Debug */,
				6B8496C41D316C47005B52D0 /* Release */,
			);
			defaultConfigurationIsVisible = 0;
			defaultConfigurationName = Release;
		};
		6B8496C51D316C47005B52D0 /* Build configuration list for PBXNativeTarget "greylock" */ = {
			isa = XCConfigurationList;
			buildConfigurations = (
				6B8496C61D316C47005B52D0 /* Debug */,
				6B8496C71D316C47005B52D0 /* Release */,
			);
			defaultConfigurationIsVisible = 0;
			defaultConfigurationName = Release;
		};
/* End XCConfigurationList section */
	};
	rootObject = 6B8496A61D316C46005B52D0 /* Project object */;
}
